
Microsoft Visual Studio Solution File, Format Version 12.00
Project("{2150E333-8FDC-42A3-9474-1A3956D46DE8}") = "Users", "Users", "{BE312EC4-FCE3-4CFB-9C19-9D910885C0B8}"
EndProject
Project("{FAE04EC0-301F-11D3-BF4B-00C04F79EFBC}") = "CertiBlock.Services.Users.Api", "src\Users\CertiBlock.Services.Users.Api\CertiBlock.Services.Users.Api.csproj", "{A2B8A0BA-19F2-46C9-8DC9-E4D81576880D}"
EndProject
Project("{FAE04EC0-301F-11D3-BF4B-00C04F79EFBC}") = "CertiBlock.Services.Users.Application", "src\Users\CertiBlock.Services.Users.Application\CertiBlock.Services.Users.Application.csproj", "{F7AF1425-2C1E-4941-8A10-80BC741E299E}"
EndProject
Project("{FAE04EC0-301F-11D3-BF4B-00C04F79EFBC}") = "CertiBlock.Services.Users.Core", "src\Users\CertiBlock.Services.Users.Core\CertiBlock.Services.Users.Core.csproj", "{530129CF-B565-42DA-97B2-7D5DB72914BC}"
EndProject
Project("{FAE04EC0-301F-11D3-BF4B-00C04F79EFBC}") = "CertiBlock.Services.Users.Infrastructure", "src\Users\CertiBlock.Services.Users.Infrastructure\CertiBlock.Services.Users.Infrastructure.csproj", "{212D5DCB-649A-49FD-947F-3872AE54F817}"
EndProject
Project("{FAE04EC0-301F-11D3-BF4B-00C04F79EFBC}") = "CertiBlock.Services.Users.UnitTests", "tests\Users\CertiBlock.Services.Users.UnitTests\CertiBlock.Services.Users.UnitTests.csproj", "{F7F0B4C3-5796-4978-846A-B5D12BFEF3F9}"
EndProject
Project("{2150E333-8FDC-42A3-9474-1A3956D46DE8}") = "Certificate", "Certificate", "{B8551210-6E95-41AC-B8A5-309F5905842A}"
EndProject
Project("{FAE04EC0-301F-11D3-BF4B-00C04F79EFBC}") = "CertiBlock.Services.Certificates.Api", "src\Certificate\CertiBlock.Services.Certificates.Api\CertiBlock.Services.Certificates.Api.csproj", "{92336820-2248-46DD-8C90-9038F62EFBA0}"
EndProject
Project("{FAE04EC0-301F-11D3-BF4B-00C04F79EFBC}") = "CertiBlock.Services.Certificates.Core", "src\Certificate\CertiBlock.Services.Certificates.Core\CertiBlock.Services.Certificates.Core.csproj", "{64450F12-2A0A-4C8D-B623-B43C50EA67FF}"
EndProject
Project("{2150E333-8FDC-42A3-9474-1A3956D46DE8}") = "Shared", "Shared", "{9B7871FE-40FA-45CF-AA38-FD49A070D43F}"
EndProject
Project("{FAE04EC0-301F-11D3-BF4B-00C04F79EFBC}") = "CertiBlock.Shared", "src\Shared\CertiBlock.Shared\CertiBlock.Shared.csproj", "{62E552A0-A044-41A1-8348-0359A199F01F}"
EndProject
Project("{FAE04EC0-301F-11D3-BF4B-00C04F79EFBC}") = "CertiBlock.Services.Certificates.UnitTests", "tests\Certificates\CertiBlock.Services.Certificates.UnitTests\CertiBlock.Services.Certificates.UnitTests.csproj", "{C380CDDE-0947-4FA8-84AF-B4CD45884A72}"
EndProject
Project("{2150E333-8FDC-42A3-9474-1A3956D46DE8}") = "BlockchainRouter", "BlockchainRouter", "{F2E7B75C-90B8-4DB1-88F5-F3A89BA45D46}"
EndProject
Project("{FAE04EC0-301F-11D3-BF4B-00C04F79EFBC}") = "CertiBlock.Services.Blockchain.Core", "src\BlockchainRouter\CertiBlock.Services.Blockchain.Core\CertiBlock.Services.Blockchain.Core.csproj", "{70373FAD-E894-427C-A7CE-8F6626F25AA2}"
EndProject
Project("{FAE04EC0-301F-11D3-BF4B-00C04F79EFBC}") = "CertiBlock.Services.Blockchain.Api", "src\BlockchainRouter\CertiBlock.Services.Blockchain.Api\CertiBlock.Services.Blockchain.Api.csproj", "{A750E2A4-8F97-4F70-BAA6-CBA07F195B8F}"
EndProject
Project("{FAE04EC0-301F-11D3-BF4B-00C04F79EFBC}") = "CertiBlock.Services.Blockchain.UnitTests", "tests\BlockchainRouter\CertiBlock.Services.Blockchain.UnitTests\CertiBlock.Services.Blockchain.UnitTests.csproj", "{CB7AB7A4-2E2A-4331-AB3C-5592D8D1AAA4}"
EndProject
Project("{2150E333-8FDC-42A3-9474-1A3956D46DE8}") = "Ethereum", "Ethereum", "{978C95EF-3625-4BE3-8F98-66E7D69FF918}"
EndProject
Project("{FAE04EC0-301F-11D3-BF4B-00C04F79EFBC}") = "CertiBlock.Services.Ethereum.Api", "src\Ethereum\CertiBlock.Services.Ethereum.Api\CertiBlock.Services.Ethereum.Api.csproj", "{8C520232-80D8-4624-A366-BD3CD7CC8B80}"
EndProject
Project("{FAE04EC0-301F-11D3-BF4B-00C04F79EFBC}") = "CertiBlock.Services.Ethereum.Application", "src\Ethereum\CertiBlock.Services.Ethereum.Application\CertiBlock.Services.Ethereum.Application.csproj", "{01F46D40-9984-4C59-82C2-129453E69A11}"
EndProject
Project("{FAE04EC0-301F-11D3-BF4B-00C04F79EFBC}") = "CertiBlock.Services.Ethereum.Core", "src\Ethereum\CertiBlock.Services.Ethereum.Core\CertiBlock.Services.Ethereum.Core.csproj", "{D1C4AEF9-699A-4AD0-8722-992DFCBE0ED9}"
EndProject
Project("{FAE04EC0-301F-11D3-BF4B-00C04F79EFBC}") = "CertiBlock.Services.Ethereum.Infrastructure", "src\Ethereum\CertiBlock.Services.Ethereum.Infrastructure\CertiBlock.Services.Ethereum.Infrastructure.csproj", "{591B66F0-185F-4A29-ACCE-8AE5614E3779}"
EndProject
Project("{FAE04EC0-301F-11D3-BF4B-00C04F79EFBC}") = "CertiBlock.Services.Ethereum.UnitTests", "tests\Ethereum\CertiBlock.Services.Ethereum.UnitTests\CertiBlock.Services.Ethereum.UnitTests.csproj", "{626795D3-7A5D-4217-97B5-2C6447183620}"
EndProject
Project("{2150E333-8FDC-42A3-9474-1A3956D46DE8}") = "Polygon", "Polygon", "{6FF319B9-FBF3-4DE6-9304-D720699F0221}"
EndProject
Project("{FAE04EC0-301F-11D3-BF4B-00C04F79EFBC}") = "CertiBlock.Services.Polygon.Api", "src\Polygon\CertiBlock.Services.Polygon.Api\CertiBlock.Services.Polygon.Api.csproj", "{E5D3EE45-BD40-4430-A3B3-A974F1A35533}"
EndProject
Project("{FAE04EC0-301F-11D3-BF4B-00C04F79EFBC}") = "CertiBlock.Services.Polygon.Application", "src\Polygon\CertiBlock.Services.Polygon.Application\CertiBlock.Services.Polygon.Application.csproj", "{7C8870DD-A72D-4896-8CCA-090ACBB18FC2}"
EndProject
Project("{FAE04EC0-301F-11D3-BF4B-00C04F79EFBC}") = "CertiBlock.Services.Polygon.Core", "src\Polygon\CertiBlock.Services.Polygon.Core\CertiBlock.Services.Polygon.Core.csproj", "{F0DABFE9-5E05-46F4-B30D-23E42FA3A0A6}"
EndProject
Project("{FAE04EC0-301F-11D3-BF4B-00C04F79EFBC}") = "CertiBlock.Services.Polygon.Infrastructure", "src\Polygon\CertiBlock.Services.Polygon.Infrastructure\CertiBlock.Services.Polygon.Infrastructure.csproj", "{A9DE53F9-CDF6-4A62-8621-4AD27CC8C5A8}"
EndProject
Global
	GlobalSection(SolutionConfigurationPlatforms) = preSolution
		Debug|Any CPU = Debug|Any CPU
		Release|Any CPU = Release|Any CPU
	EndGlobalSection
	GlobalSection(NestedProjects) = preSolution
		{A2B8A0BA-19F2-46C9-8DC9-E4D81576880D} = {BE312EC4-FCE3-4CFB-9C19-9D910885C0B8}
		{F7AF1425-2C1E-4941-8A10-80BC741E299E} = {BE312EC4-FCE3-4CFB-9C19-9D910885C0B8}
		{530129CF-B565-42DA-97B2-7D5DB72914BC} = {BE312EC4-FCE3-4CFB-9C19-9D910885C0B8}
		{212D5DCB-649A-49FD-947F-3872AE54F817} = {BE312EC4-FCE3-4CFB-9C19-9D910885C0B8}
		{F7F0B4C3-5796-4978-846A-B5D12BFEF3F9} = {BE312EC4-FCE3-4CFB-9C19-9D910885C0B8}
		{92336820-2248-46DD-8C90-9038F62EFBA0} = {B8551210-6E95-41AC-B8A5-309F5905842A}
		{64450F12-2A0A-4C8D-B623-B43C50EA67FF} = {B8551210-6E95-41AC-B8A5-309F5905842A}
		{62E552A0-A044-41A1-8348-0359A199F01F} = {9B7871FE-40FA-45CF-AA38-FD49A070D43F}
		{C380CDDE-0947-4FA8-84AF-B4CD45884A72} = {B8551210-6E95-41AC-B8A5-309F5905842A}
		{70373FAD-E894-427C-A7CE-8F6626F25AA2} = {F2E7B75C-90B8-4DB1-88F5-F3A89BA45D46}
		{A750E2A4-8F97-4F70-BAA6-CBA07F195B8F} = {F2E7B75C-90B8-4DB1-88F5-F3A89BA45D46}
		{CB7AB7A4-2E2A-4331-AB3C-5592D8D1AAA4} = {F2E7B75C-90B8-4DB1-88F5-F3A89BA45D46}
		{8C520232-80D8-4624-A366-BD3CD7CC8B80} = {978C95EF-3625-4BE3-8F98-66E7D69FF918}
		{01F46D40-9984-4C59-82C2-129453E69A11} = {978C95EF-3625-4BE3-8F98-66E7D69FF918}
		{D1C4AEF9-699A-4AD0-8722-992DFCBE0ED9} = {978C95EF-3625-4BE3-8F98-66E7D69FF918}
		{591B66F0-185F-4A29-ACCE-8AE5614E3779} = {978C95EF-3625-4BE3-8F98-66E7D69FF918}
		{626795D3-7A5D-4217-97B5-2C6447183620} = {978C95EF-3625-4BE3-8F98-66E7D69FF918}
		{E5D3EE45-BD40-4430-A3B3-A974F1A35533} = {6FF319B9-FBF3-4DE6-9304-D720699F0221}
		{7C8870DD-A72D-4896-8CCA-090ACBB18FC2} = {6FF319B9-FBF3-4DE6-9304-D720699F0221}
		{F0DABFE9-5E05-46F4-B30D-23E42FA3A0A6} = {6FF319B9-FBF3-4DE6-9304-D720699F0221}
		{A9DE53F9-CDF6-4A62-8621-4AD27CC8C5A8} = {6FF319B9-FBF3-4DE6-9304-D720699F0221}
	EndGlobalSection
	GlobalSection(ProjectConfigurationPlatforms) = postSolution
		{A2B8A0BA-19F2-46C9-8DC9-E4D81576880D}.Debug|Any CPU.ActiveCfg = Debug|Any CPU
		{A2B8A0BA-19F2-46C9-8DC9-E4D81576880D}.Debug|Any CPU.Build.0 = Debug|Any CPU
		{A2B8A0BA-19F2-46C9-8DC9-E4D81576880D}.Release|Any CPU.ActiveCfg = Release|Any CPU
		{A2B8A0BA-19F2-46C9-8DC9-E4D81576880D}.Release|Any CPU.Build.0 = Release|Any CPU
		{F7AF1425-2C1E-4941-8A10-80BC741E299E}.Debug|Any CPU.ActiveCfg = Debug|Any CPU
		{F7AF1425-2C1E-4941-8A10-80BC741E299E}.Debug|Any CPU.Build.0 = Debug|Any CPU
		{F7AF1425-2C1E-4941-8A10-80BC741E299E}.Release|Any CPU.ActiveCfg = Release|Any CPU
		{F7AF1425-2C1E-4941-8A10-80BC741E299E}.Release|Any CPU.Build.0 = Release|Any CPU
		{530129CF-B565-42DA-97B2-7D5DB72914BC}.Debug|Any CPU.ActiveCfg = Debug|Any CPU
		{530129CF-B565-42DA-97B2-7D5DB72914BC}.Debug|Any CPU.Build.0 = Debug|Any CPU
		{530129CF-B565-42DA-97B2-7D5DB72914BC}.Release|Any CPU.ActiveCfg = Release|Any CPU
		{530129CF-B565-42DA-97B2-7D5DB72914BC}.Release|Any CPU.Build.0 = Release|Any CPU
		{212D5DCB-649A-49FD-947F-3872AE54F817}.Debug|Any CPU.ActiveCfg = Debug|Any CPU
		{212D5DCB-649A-49FD-947F-3872AE54F817}.Debug|Any CPU.Build.0 = Debug|Any CPU
		{212D5DCB-649A-49FD-947F-3872AE54F817}.Release|Any CPU.ActiveCfg = Release|Any CPU
		{212D5DCB-649A-49FD-947F-3872AE54F817}.Release|Any CPU.Build.0 = Release|Any CPU
		{F7F0B4C3-5796-4978-846A-B5D12BFEF3F9}.Debug|Any CPU.ActiveCfg = Debug|Any CPU
		{F7F0B4C3-5796-4978-846A-B5D12BFEF3F9}.Debug|Any CPU.Build.0 = Debug|Any CPU
		{F7F0B4C3-5796-4978-846A-B5D12BFEF3F9}.Release|Any CPU.ActiveCfg = Release|Any CPU
		{F7F0B4C3-5796-4978-846A-B5D12BFEF3F9}.Release|Any CPU.Build.0 = Release|Any CPU
		{92336820-2248-46DD-8C90-9038F62EFBA0}.Debug|Any CPU.ActiveCfg = Debug|Any CPU
		{92336820-2248-46DD-8C90-9038F62EFBA0}.Debug|Any CPU.Build.0 = Debug|Any CPU
		{92336820-2248-46DD-8C90-9038F62EFBA0}.Release|Any CPU.ActiveCfg = Release|Any CPU
		{92336820-2248-46DD-8C90-9038F62EFBA0}.Release|Any CPU.Build.0 = Release|Any CPU
		{64450F12-2A0A-4C8D-B623-B43C50EA67FF}.Debug|Any CPU.ActiveCfg = Debug|Any CPU
		{64450F12-2A0A-4C8D-B623-B43C50EA67FF}.Debug|Any CPU.Build.0 = Debug|Any CPU
		{64450F12-2A0A-4C8D-B623-B43C50EA67FF}.Release|Any CPU.ActiveCfg = Release|Any CPU
		{64450F12-2A0A-4C8D-B623-B43C50EA67FF}.Release|Any CPU.Build.0 = Release|Any CPU
		{62E552A0-A044-41A1-8348-0359A199F01F}.Debug|Any CPU.ActiveCfg = Debug|Any CPU
		{62E552A0-A044-41A1-8348-0359A199F01F}.Debug|Any CPU.Build.0 = Debug|Any CPU
		{62E552A0-A044-41A1-8348-0359A199F01F}.Release|Any CPU.ActiveCfg = Release|Any CPU
		{62E552A0-A044-41A1-8348-0359A199F01F}.Release|Any CPU.Build.0 = Release|Any CPU
		{C380CDDE-0947-4FA8-84AF-B4CD45884A72}.Debug|Any CPU.ActiveCfg = Debug|Any CPU
		{C380CDDE-0947-4FA8-84AF-B4CD45884A72}.Debug|Any CPU.Build.0 = Debug|Any CPU
		{C380CDDE-0947-4FA8-84AF-B4CD45884A72}.Release|Any CPU.ActiveCfg = Release|Any CPU
		{C380CDDE-0947-4FA8-84AF-B4CD45884A72}.Release|Any CPU.Build.0 = Release|Any CPU
		{70373FAD-E894-427C-A7CE-8F6626F25AA2}.Debug|Any CPU.ActiveCfg = Debug|Any CPU
		{70373FAD-E894-427C-A7CE-8F6626F25AA2}.Debug|Any CPU.Build.0 = Debug|Any CPU
		{70373FAD-E894-427C-A7CE-8F6626F25AA2}.Release|Any CPU.ActiveCfg = Release|Any CPU
		{70373FAD-E894-427C-A7CE-8F6626F25AA2}.Release|Any CPU.Build.0 = Release|Any CPU
		{A750E2A4-8F97-4F70-BAA6-CBA07F195B8F}.Debug|Any CPU.ActiveCfg = Debug|Any CPU
		{A750E2A4-8F97-4F70-BAA6-CBA07F195B8F}.Debug|Any CPU.Build.0 = Debug|Any CPU
		{A750E2A4-8F97-4F70-BAA6-CBA07F195B8F}.Release|Any CPU.ActiveCfg = Release|Any CPU
		{A750E2A4-8F97-4F70-BAA6-CBA07F195B8F}.Release|Any CPU.Build.0 = Release|Any CPU
		{CB7AB7A4-2E2A-4331-AB3C-5592D8D1AAA4}.Debug|Any CPU.ActiveCfg = Debug|Any CPU
		{CB7AB7A4-2E2A-4331-AB3C-5592D8D1AAA4}.Debug|Any CPU.Build.0 = Debug|Any CPU
		{CB7AB7A4-2E2A-4331-AB3C-5592D8D1AAA4}.Release|Any CPU.ActiveCfg = Release|Any CPU
		{CB7AB7A4-2E2A-4331-AB3C-5592D8D1AAA4}.Release|Any CPU.Build.0 = Release|Any CPU
		{8C520232-80D8-4624-A366-BD3CD7CC8B80}.Debug|Any CPU.ActiveCfg = Debug|Any CPU
		{8C520232-80D8-4624-A366-BD3CD7CC8B80}.Debug|Any CPU.Build.0 = Debug|Any CPU
		{8C520232-80D8-4624-A366-BD3CD7CC8B80}.Release|Any CPU.ActiveCfg = Release|Any CPU
		{8C520232-80D8-4624-A366-BD3CD7CC8B80}.Release|Any CPU.Build.0 = Release|Any CPU
		{01F46D40-9984-4C59-82C2-129453E69A11}.Debug|Any CPU.ActiveCfg = Debug|Any CPU
		{01F46D40-9984-4C59-82C2-129453E69A11}.Debug|Any CPU.Build.0 = Debug|Any CPU
		{01F46D40-9984-4C59-82C2-129453E69A11}.Release|Any CPU.ActiveCfg = Release|Any CPU
		{01F46D40-9984-4C59-82C2-129453E69A11}.Release|Any CPU.Build.0 = Release|Any CPU
		{D1C4AEF9-699A-4AD0-8722-992DFCBE0ED9}.Debug|Any CPU.ActiveCfg = Debug|Any CPU
		{D1C4AEF9-699A-4AD0-8722-992DFCBE0ED9}.Debug|Any CPU.Build.0 = Debug|Any CPU
		{D1C4AEF9-699A-4AD0-8722-992DFCBE0ED9}.Release|Any CPU.ActiveCfg = Release|Any CPU
		{D1C4AEF9-699A-4AD0-8722-992DFCBE0ED9}.Release|Any CPU.Build.0 = Release|Any CPU
		{591B66F0-185F-4A29-ACCE-8AE5614E3779}.Debug|Any CPU.ActiveCfg = Debug|Any CPU
		{591B66F0-185F-4A29-ACCE-8AE5614E3779}.Debug|Any CPU.Build.0 = Debug|Any CPU
		{591B66F0-185F-4A29-ACCE-8AE5614E3779}.Release|Any CPU.ActiveCfg = Release|Any CPU
		{591B66F0-185F-4A29-ACCE-8AE5614E3779}.Release|Any CPU.Build.0 = Release|Any CPU
		{626795D3-7A5D-4217-97B5-2C6447183620}.Debug|Any CPU.ActiveCfg = Debug|Any CPU
		{626795D3-7A5D-4217-97B5-2C6447183620}.Debug|Any CPU.Build.0 = Debug|Any CPU
		{626795D3-7A5D-4217-97B5-2C6447183620}.Release|Any CPU.ActiveCfg = Release|Any CPU
		{626795D3-7A5D-4217-97B5-2C6447183620}.Release|Any CPU.Build.0 = Release|Any CPU
		{E5D3EE45-BD40-4430-A3B3-A974F1A35533}.Debug|Any CPU.ActiveCfg = Debug|Any CPU
		{E5D3EE45-BD40-4430-A3B3-A974F1A35533}.Debug|Any CPU.Build.0 = Debug|Any CPU
		{E5D3EE45-BD40-4430-A3B3-A974F1A35533}.Release|Any CPU.ActiveCfg = Release|Any CPU
		{E5D3EE45-BD40-4430-A3B3-A974F1A35533}.Release|Any CPU.Build.0 = Release|Any CPU
		{7C8870DD-A72D-4896-8CCA-090ACBB18FC2}.Debug|Any CPU.ActiveCfg = Debug|Any CPU
		{7C8870DD-A72D-4896-8CCA-090ACBB18FC2}.Debug|Any CPU.Build.0 = Debug|Any CPU
		{7C8870DD-A72D-4896-8CCA-090ACBB18FC2}.Release|Any CPU.ActiveCfg = Release|Any CPU
		{7C8870DD-A72D-4896-8CCA-090ACBB18FC2}.Release|Any CPU.Build.0 = Release|Any CPU
		{F0DABFE9-5E05-46F4-B30D-23E42FA3A0A6}.Debug|Any CPU.ActiveCfg = Debug|Any CPU
		{F0DABFE9-5E05-46F4-B30D-23E42FA3A0A6}.Debug|Any CPU.Build.0 = Debug|Any CPU
		{F0DABFE9-5E05-46F4-B30D-23E42FA3A0A6}.Release|Any CPU.ActiveCfg = Release|Any CPU
		{F0DABFE9-5E05-46F4-B30D-23E42FA3A0A6}.Release|Any CPU.Build.0 = Release|Any CPU
		{A9DE53F9-CDF6-4A62-8621-4AD27CC8C5A8}.Debug|Any CPU.ActiveCfg = Debug|Any CPU
		{A9DE53F9-CDF6-4A62-8621-4AD27CC8C5A8}.Debug|Any CPU.Build.0 = Debug|Any CPU
		{A9DE53F9-CDF6-4A62-8621-4AD27CC8C5A8}.Release|Any CPU.ActiveCfg = Release|Any CPU
		{A9DE53F9-CDF6-4A62-8621-4AD27CC8C5A8}.Release|Any CPU.Build.0 = Release|Any CPU
	EndGlobalSection
EndGlobal
